{
  "name": "web3js-4081-createaccesslist",
  "version": "1.0.0",
  "lockfileVersion": 2,
  "requires": true,
  "packages": {
    "": {
      "name": "web3js-4081-createaccesslist",
      "version": "1.0.0",
      "license": "ISC",
      "dependencies": {
        "web3": "/home/anon/Public/code/ChainSafe/git-repos/web3.js"
      }
    },
    "../../Public/code/ChainSafe/git-repos/web3.js": {
      "name": "web3.js",
      "hasInstallScript": true,
      "license": "LGPL-3.0",
      "devDependencies": {
        "@babel/cli": "^7.12.1",
        "@babel/core": "^7.12.3",
        "@babel/plugin-proposal-class-properties": "^7.12.1",
        "@babel/plugin-transform-modules-commonjs": "^7.12.1",
        "@babel/plugin-transform-runtime": "^7.12.1",
        "@babel/preset-env": "^7.12.1",
        "@babel/preset-typescript": "^7.12.1",
        "@babel/runtime": "^7.12.1",
        "@chainsafe/geth-dev-assistant": "^0.1.10",
        "@ensdomains/ens": "^0.6.0",
        "@ensdomains/resolver": "^0.2.4",
        "@types/bignumber.js": "^4.0.2",
        "@types/bn.js": "^4.11.6",
        "@types/node": "^12.12.68",
        "babel-loader": "^8.1.0",
        "bignumber.js": "^9.0.1",
        "bn.js": "^4.11.9",
        "browserify": "^16.5.2",
        "buffer": "^4.9.2",
        "bundlesize": "^0.18.0",
        "chai": "^4.2.0",
        "clean-webpack-plugin": "^3.0.0",
        "core-js": "^3.6.5",
        "crypto-js": "^3.3.0",
        "decache": "^4.6.0",
        "dependency-check": "^4.1.0",
        "ethers": "^5.4.4",
        "ganache-cli": "^6.12.0",
        "jshint": "^2.12.0",
        "karma": "^6.3.4",
        "karma-browserify": "^7.0.0",
        "karma-chrome-launcher": "^3.1.0",
        "karma-firefox-launcher": "^1.3.0",
        "karma-mocha": "^2.0.1",
        "karma-spec-reporter": "0.0.32",
        "lerna": "^4.0.0",
        "mocha": "^6.2.3",
        "nyc": "^14.1.1",
        "pify": "^4.0.1",
        "sandboxed-module": "^2.0.4",
        "ts-node": "^9.0.0",
        "typescript": "^3.9.7",
        "wait-port": "^0.2.9",
        "webpack": "^4.44.2",
        "webpack-cli": "^3.3.12"
      },
      "engines": {
        "node": ">=11.0.0"
      }
    },
    "node_modules/web3": {
      "resolved": "../../Public/code/ChainSafe/git-repos/web3.js",
      "link": true
    }
  },
  "dependencies": {
    "web3": {
      "version": "file:../../Public/code/ChainSafe/git-repos/web3.js",
      "requires": {
        "@babel/cli": "^7.12.1",
        "@babel/core": "^7.12.3",
        "@babel/plugin-proposal-class-properties": "^7.12.1",
        "@babel/plugin-transform-modules-commonjs": "^7.12.1",
        "@babel/plugin-transform-runtime": "^7.12.1",
        "@babel/preset-env": "^7.12.1",
        "@babel/preset-typescript": "^7.12.1",
        "@babel/runtime": "^7.12.1",
        "@chainsafe/geth-dev-assistant": "^0.1.10",
        "@ensdomains/ens": "^0.6.0",
        "@ensdomains/resolver": "^0.2.4",
        "@types/bignumber.js": "^4.0.2",
        "@types/bn.js": "^4.11.6",
        "@types/node": "^12.12.68",
        "babel-loader": "^8.1.0",
        "bignumber.js": "^9.0.1",
        "bn.js": "^4.11.9",
        "browserify": "^16.5.2",
        "buffer": "^4.9.2",
        "bundlesize": "^0.18.0",
        "chai": "^4.2.0",
        "clean-webpack-plugin": "^3.0.0",
        "core-js": "^3.6.5",
        "crypto-js": "^3.3.0",
        "decache": "^4.6.0",
        "dependency-check": "^4.1.0",
        "ethers": "^5.4.4",
        "ganache-cli": "^6.12.0",
        "jshint": "^2.12.0",
        "karma": "^6.3.4",
        "karma-browserify": "^7.0.0",
        "karma-chrome-launcher": "^3.1.0",
        "karma-firefox-launcher": "^1.3.0",
        "karma-mocha": "^2.0.1",
        "karma-spec-reporter": "0.0.32",
        "lerna": "^4.0.0",
        "mocha": "^6.2.3",
        "nyc": "^14.1.1",
        "pify": "^4.0.1",
        "sandboxed-module": "^2.0.4",
        "ts-node": "^9.0.0",
        "typescript": "^3.9.7",
        "wait-port": "^0.2.9",
        "webpack": "^4.44.2",
        "webpack-cli": "^3.3.12"
      }
    }
  }
}
